
Microsoft Visual Studio Solution File, Format Version 12.00
# Visual Studio Version 17
VisualStudioVersion = 17.6.33815.320
MinimumVisualStudioVersion = 10.0.40219.1
Project("{FAE04EC0-301F-11D3-BF4B-00C04F79EFBC}") = "Neumovalid", "Neumovalid\Neumovalid.csproj", "{6A97E8C2-CA73-4363-A9A3-16BAAEE5E02F}"
EndProject
Global
	GlobalSection(SolutionConfigurationPlatforms) = preSolution
		Debug|Any CPU = Debug|Any CPU
		Release|Any CPU = Release|Any CPU
	EndGlobalSection
	GlobalSection(ProjectConfigurationPlatforms) = postSolution
		{6A97E8C2-CA73-4363-A9A3-16BAAEE5E02F}.Debug|Any CPU.ActiveCfg = Debug|Any CPU
		{6A97E8C2-CA73-4363-A9A3-16BAAEE5E02F}.Debug|Any CPU.Build.0 = Debug|Any CPU
		{6A97E8C2-CA73-4363-A9A3-16BAAEE5E02F}.Release|Any CPU.ActiveCfg = Release|Any CPU
		{6A97E8C2-CA73-4363-A9A3-16BAAEE5E02F}.Release|Any CPU.Build.0 = Release|Any CPU
	EndGlobalSection
	GlobalSection(SolutionProperties) = preSolution
		HideSolutionNode = FALSE
	EndGlobalSection
	GlobalSection(ExtensibilityGlobals) = postSolution
		SolutionGuid = {500ED4D5-40AE-4E43-B189-12443F5118BC}
	EndGlobalSection
EndGlobal
